
Microsoft Visual Studio Solution File, Format Version 12.00
# Visual Studio Version 17
VisualStudioVersion = 17.8.34322.80
MinimumVisualStudioVersion = 10.0.40219.1
Project("{9A19103F-16F7-4668-BE54-9A1E7A4F7556}") = "P01_GL_OOP", "P01_GL_OOP\P01_GL_OOP.csproj", "{DD8C880F-2B20-4BA6-9AEE-F7A12243C8B1}"
EndProject
Project("{9A19103F-16F7-4668-BE54-9A1E7A4F7556}") = "P09_MockupProject", "P09_MockupProject\P09_MockupProject.csproj", "{147672A1-C845-426E-9AE6-531FF671C7EF}"
EndProject
Project("{9A19103F-16F7-4668-BE54-9A1E7A4F7556}") = "P09_MockupProject.Tests", "P09_MockupProject.Tests\P09_MockupProject.Tests.csproj", "{65B2EEA7-B357-405F-84A2-B7B1E5284163}"
EndProject
Project("{FAE04EC0-301F-11D3-BF4B-00C04F79EFBC}") = "UselessChat", "UselessChat\UselessChat.csproj", "{A4787621-6B34-4289-8182-7E71F53DCF51}"
EndProject
Project("{FAE04EC0-301F-11D3-BF4B-00C04F79EFBC}") = "Minesweeper", "Minesweeper\Minesweeper.csproj", "{EF817746-0D7B-4A23-A988-21DF3FC05451}"
EndProject
Global
	GlobalSection(SolutionConfigurationPlatforms) = preSolution
		Debug|Any CPU = Debug|Any CPU
		Release|Any CPU = Release|Any CPU
	EndGlobalSection
	GlobalSection(ProjectConfigurationPlatforms) = postSolution
		{DD8C880F-2B20-4BA6-9AEE-F7A12243C8B1}.Debug|Any CPU.ActiveCfg = Debug|Any CPU
		{DD8C880F-2B20-4BA6-9AEE-F7A12243C8B1}.Debug|Any CPU.Build.0 = Debug|Any CPU
		{DD8C880F-2B20-4BA6-9AEE-F7A12243C8B1}.Release|Any CPU.ActiveCfg = Release|Any CPU
		{DD8C880F-2B20-4BA6-9AEE-F7A12243C8B1}.Release|Any CPU.Build.0 = Release|Any CPU
		{147672A1-C845-426E-9AE6-531FF671C7EF}.Debug|Any CPU.ActiveCfg = Debug|Any CPU
		{147672A1-C845-426E-9AE6-531FF671C7EF}.Debug|Any CPU.Build.0 = Debug|Any CPU
		{147672A1-C845-426E-9AE6-531FF671C7EF}.Release|Any CPU.ActiveCfg = Release|Any CPU
		{147672A1-C845-426E-9AE6-531FF671C7EF}.Release|Any CPU.Build.0 = Release|Any CPU
		{65B2EEA7-B357-405F-84A2-B7B1E5284163}.Debug|Any CPU.ActiveCfg = Debug|Any CPU
		{65B2EEA7-B357-405F-84A2-B7B1E5284163}.Debug|Any CPU.Build.0 = Debug|Any CPU
		{65B2EEA7-B357-405F-84A2-B7B1E5284163}.Release|Any CPU.ActiveCfg = Release|Any CPU
		{65B2EEA7-B357-405F-84A2-B7B1E5284163}.Release|Any CPU.Build.0 = Release|Any CPU
		{A4787621-6B34-4289-8182-7E71F53DCF51}.Debug|Any CPU.ActiveCfg = Debug|Any CPU
		{A4787621-6B34-4289-8182-7E71F53DCF51}.Debug|Any CPU.Build.0 = Debug|Any CPU
		{A4787621-6B34-4289-8182-7E71F53DCF51}.Release|Any CPU.ActiveCfg = Release|Any CPU
		{A4787621-6B34-4289-8182-7E71F53DCF51}.Release|Any CPU.Build.0 = Release|Any CPU
		{EF817746-0D7B-4A23-A988-21DF3FC05451}.Debug|Any CPU.ActiveCfg = Debug|Any CPU
		{EF817746-0D7B-4A23-A988-21DF3FC05451}.Debug|Any CPU.Build.0 = Debug|Any CPU
		{EF817746-0D7B-4A23-A988-21DF3FC05451}.Release|Any CPU.ActiveCfg = Release|Any CPU
		{EF817746-0D7B-4A23-A988-21DF3FC05451}.Release|Any CPU.Build.0 = Release|Any CPU
	EndGlobalSection
	GlobalSection(SolutionProperties) = preSolution
		HideSolutionNode = FALSE
	EndGlobalSection
	GlobalSection(ExtensibilityGlobals) = postSolution
		SolutionGuid = {4F484E52-5BC6-42DC-A1B5-018C52CF9DD5}
	EndGlobalSection
EndGlobal
